// !$*UTF8*$!
{
	archiveVersion = 1;
	classes = {
	};
	objectVersion = 46;
	objects = {

/* Begin PBXBuildFile section */
		9605408E17734C5800CEDF1D /* MapAnnotation.m in Sources */ = {isa = PBXBuildFile; fileRef = 9605408D17734C5800CEDF1D /* MapAnnotation.m */; };
		963C3094177142C900428546 /* LocationsManager.m in Sources */ = {isa = PBXBuildFile; fileRef = 963C3093177142C900428546 /* LocationsManager.m */; };
		963C309F177189C200428546 /* cell-whbg.png in Resources */ = {isa = PBXBuildFile; fileRef = 963C309A177189C200428546 /* cell-whbg.png */; };
		963C30A0177189C200428546 /* the-bostonian.jpg in Resources */ = {isa = PBXBuildFile; fileRef = 963C309B177189C200428546 /* the-bostonian.jpg */; };
		963C30A1177189C200428546 /* tropicana.jpg in Resources */ = {isa = PBXBuildFile; fileRef = 963C309C177189C200428546 /* tropicana.jpg */; };
		963C30A2177189C200428546 /* atlantasia.jpg in Resources */ = {isa = PBXBuildFile; fileRef = 963C309D177189C200428546 /* atlantasia.jpg */; };
		963C30A3177189C200428546 /* newyorker.jpg in Resources */ = {isa = PBXBuildFile; fileRef = 963C309E177189C200428546 /* newyorker.jpg */; };
		963C30AA177197CE00428546 /* CustomTableCellView.xib in Resources */ = {isa = PBXBuildFile; fileRef = 963C30A9177197CE00428546 /* CustomTableCellView.xib */; };
		963C30AD1771983E00428546 /* CustomTableCell.m in Sources */ = {isa = PBXBuildFile; fileRef = 963C30AC1771983E00428546 /* CustomTableCell.m */; };
		9674CD4E176FF17E00182A04 /* UIKit.framework in Frameworks */ = {isa = PBXBuildFile; fileRef = 9674CD4D176FF17E00182A04 /* UIKit.framework */; };
		9674CD50176FF17E00182A04 /* Foundation.framework in Frameworks */ = {isa = PBXBuildFile; fileRef = 9674CD4F176FF17E00182A04 /* Foundation.framework */; };
		9674CD52176FF17E00182A04 /* CoreGraphics.framework in Frameworks */ = {isa = PBXBuildFile; fileRef = 9674CD51176FF17E00182A04 /* CoreGraphics.framework */; };
		9674CD58176FF17E00182A04 /* InfoPlist.strings in Resources */ = {isa = PBXBuildFile; fileRef = 9674CD56176FF17E00182A04 /* InfoPlist.strings */; };
		9674CD5A176FF17E00182A04 /* main.m in Sources */ = {isa = PBXBuildFile; fileRef = 9674CD59176FF17E00182A04 /* main.m */; };
		9674CD5E176FF17E00182A04 /* AppDelegate.m in Sources */ = {isa = PBXBuildFile; fileRef = 9674CD5D176FF17E00182A04 /* AppDelegate.m */; };
		9674CD60176FF17E00182A04 /* Default.png in Resources */ = {isa = PBXBuildFile; fileRef = 9674CD5F176FF17E00182A04 /* Default.png */; };
		9674CD62176FF17E00182A04 /* Default@2x.png in Resources */ = {isa = PBXBuildFile; fileRef = 9674CD61176FF17E00182A04 /* Default@2x.png */; };
		9674CD64176FF17E00182A04 /* Default-568h@2x.png in Resources */ = {isa = PBXBuildFile; fileRef = 9674CD63176FF17E00182A04 /* Default-568h@2x.png */; };
		9674CD67176FF17E00182A04 /* FirstViewController.m in Sources */ = {isa = PBXBuildFile; fileRef = 9674CD66176FF17E00182A04 /* FirstViewController.m */; };
		9674CD69176FF17E00182A04 /* first.png in Resources */ = {isa = PBXBuildFile; fileRef = 9674CD68176FF17E00182A04 /* first.png */; };
		9674CD6B176FF17E00182A04 /* first@2x.png in Resources */ = {isa = PBXBuildFile; fileRef = 9674CD6A176FF17E00182A04 /* first@2x.png */; };
		9674CD6E176FF17E00182A04 /* SecondViewController.m in Sources */ = {isa = PBXBuildFile; fileRef = 9674CD6D176FF17E00182A04 /* SecondViewController.m */; };
		9674CD70176FF17E00182A04 /* second.png in Resources */ = {isa = PBXBuildFile; fileRef = 9674CD6F176FF17E00182A04 /* second.png */; };
		9674CD72176FF17E00182A04 /* second@2x.png in Resources */ = {isa = PBXBuildFile; fileRef = 9674CD71176FF17E00182A04 /* second@2x.png */; };
		9674CD75176FF17E00182A04 /* FirstViewController.xib in Resources */ = {isa = PBXBuildFile; fileRef = 9674CD73176FF17E00182A04 /* FirstViewController.xib */; };
		9674CD78176FF17E00182A04 /* SecondViewController.xib in Resources */ = {isa = PBXBuildFile; fileRef = 9674CD76176FF17E00182A04 /* SecondViewController.xib */; };
		96D310AF1772B89D00BC84B3 /* CVCellController.m in Sources */ = {isa = PBXBuildFile; fileRef = 96D310AE1772B89D00BC84B3 /* CVCellController.m */; };
		96D310B31772B94600BC84B3 /* CVCell.xib in Resources */ = {isa = PBXBuildFile; fileRef = 96D310B21772B94600BC84B3 /* CVCell.xib */; };
		96D310B91772C53900BC84B3 /* pic-5.jpg in Resources */ = {isa = PBXBuildFile; fileRef = 96D310B41772C53900BC84B3 /* pic-5.jpg */; };
		96D310BA1772C53900BC84B3 /* pic-4.jpg in Resources */ = {isa = PBXBuildFile; fileRef = 96D310B51772C53900BC84B3 /* pic-4.jpg */; };
		96D310BB1772C53900BC84B3 /* pic-3.jpg in Resources */ = {isa = PBXBuildFile; fileRef = 96D310B61772C53900BC84B3 /* pic-3.jpg */; };
		96D310BC1772C53900BC84B3 /* pic-2.jpg in Resources */ = {isa = PBXBuildFile; fileRef = 96D310B71772C53900BC84B3 /* pic-2.jpg */; };
		96D310BD1772C53900BC84B3 /* pic-1.jpg in Resources */ = {isa = PBXBuildFile; fileRef = 96D310B81772C53900BC84B3 /* pic-1.jpg */; };
		96D310BF1772CFFA00BC84B3 /* MapKit.framework in Frameworks */ = {isa = PBXBuildFile; fileRef = 96D310BE1772CFFA00BC84B3 /* MapKit.framework */; };
		96F151CF177228E40093AC2C /* custom-arrow.png in Resources */ = {isa = PBXBuildFile; fileRef = 96F151CE177228E40093AC2C /* custom-arrow.png */; };
		96FD37621771321D00A01170 /* MoreInfoViewController.m in Sources */ = {isa = PBXBuildFile; fileRef = 96FD37601771321D00A01170 /* MoreInfoViewController.m */; };
		96FD37631771321D00A01170 /* MoreInfoViewController.xib in Resources */ = {isa = PBXBuildFile; fileRef = 96FD37611771321D00A01170 /* MoreInfoViewController.xib */; };
/* End PBXBuildFile section */

/* Begin PBXFileReference section */
		9605408C17734C5800CEDF1D /* MapAnnotation.h */ = {isa = PBXFileReference; fileEncoding = 4; lastKnownFileType = sourcecode.c.h; path = MapAnnotation.h; sourceTree = "<group>"; };
		9605408D17734C5800CEDF1D /* MapAnnotation.m */ = {isa = PBXFileReference; fileEncoding = 4; lastKnownFileType = sourcecode.c.objc; path = MapAnnotation.m; sourceTree = "<group>"; };
		963C3092177142C900428546 /* LocationsManager.h */ = {isa = PBXFileReference; fileEncoding = 4; lastKnownFileType = sourcecode.c.h; path = LocationsManager.h; sourceTree = "<group>"; };
		963C3093177142C900428546 /* LocationsManager.m */ = {isa = PBXFileReference; fileEncoding = 4; lastKnownFileType = sourcecode.c.objc; path = LocationsManager.m; sourceTree = "<group>"; };
		963C309A177189C200428546 /* cell-whbg.png */ = {isa = PBXFileReference; lastKnownFileType = image.png; name = "cell-whbg.png"; path = "../../../Images/Cropped/cell-whbg.png"; sourceTree = "<group>"; };
		963C309B177189C200428546 /* the-bostonian.jpg */ = {isa = PBXFileReference; lastKnownFileType = image.jpeg; name = "the-bostonian.jpg"; path = "../../../Images/Cropped/the-bostonian.jpg"; sourceTree = "<group>"; };
		963C309C177189C200428546 /* tropicana.jpg */ = {isa = PBXFileReference; lastKnownFileType = image.jpeg; name = tropicana.jpg; path = ../../../Images/Cropped/tropicana.jpg; sourceTree = "<group>"; };
		963C309D177189C200428546 /* atlantasia.jpg */ = {isa = PBXFileReference; lastKnownFileType = image.jpeg; name = atlantasia.jpg; path = ../../../Images/Cropped/atlantasia.jpg; sourceTree = "<group>"; };
		963C309E177189C200428546 /* newyorker.jpg */ = {isa = PBXFileReference; lastKnownFileType = image.jpeg; name = newyorker.jpg; path = ../../../Images/Cropped/newyorker.jpg; sourceTree = "<group>"; };
		963C30A9177197CE00428546 /* CustomTableCellView.xib */ = {isa = PBXFileReference; fileEncoding = 4; lastKnownFileType = file.xib; name = CustomTableCellView.xib; path = ../CustomTableCellView.xib; sourceTree = "<group>"; };
		963C30AB1771983E00428546 /* CustomTableCell.h */ = {isa = PBXFileReference; fileEncoding = 4; lastKnownFileType = sourcecode.c.h; name = CustomTableCell.h; path = ../CustomTableCell.h; sourceTree = "<group>"; };
		963C30AC1771983E00428546 /* CustomTableCell.m */ = {isa = PBXFileReference; fileEncoding = 4; lastKnownFileType = sourcecode.c.objc; name = CustomTableCell.m; path = ../CustomTableCell.m; sourceTree = "<group>"; };
		9674CD4A176FF17E00182A04 /* testApp.app */ = {isa = PBXFileReference; explicitFileType = wrapper.application; includeInIndex = 0; path = testApp.app; sourceTree = BUILT_PRODUCTS_DIR; };
		9674CD4D176FF17E00182A04 /* UIKit.framework */ = {isa = PBXFileReference; lastKnownFileType = wrapper.framework; name = UIKit.framework; path = System/Library/Frameworks/UIKit.framework; sourceTree = SDKROOT; };
		9674CD4F176FF17E00182A04 /* Foundation.framework */ = {isa = PBXFileReference; lastKnownFileType = wrapper.framework; name = Foundation.framework; path = System/Library/Frameworks/Foundation.framework; sourceTree = SDKROOT; };
		9674CD51176FF17E00182A04 /* CoreGraphics.framework */ = {isa = PBXFileReference; lastKnownFileType = wrapper.framework; name = CoreGraphics.framework; path = System/Library/Frameworks/CoreGraphics.framework; sourceTree = SDKROOT; };
		9674CD55176FF17E00182A04 /* testApp-Info.plist */ = {isa = PBXFileReference; lastKnownFileType = text.plist.xml; path = "testApp-Info.plist"; sourceTree = "<group>"; };
		9674CD57176FF17E00182A04 /* en */ = {isa = PBXFileReference; lastKnownFileType = text.plist.strings; name = en; path = en.lproj/InfoPlist.strings; sourceTree = "<group>"; };
		9674CD59176FF17E00182A04 /* main.m */ = {isa = PBXFileReference; lastKnownFileType = sourcecode.c.objc; path = main.m; sourceTree = "<group>"; };
		9674CD5B176FF17E00182A04 /* testApp-Prefix.pch */ = {isa = PBXFileReference; lastKnownFileType = sourcecode.c.h; path = "testApp-Prefix.pch"; sourceTree = "<group>"; };
		9674CD5C176FF17E00182A04 /* AppDelegate.h */ = {isa = PBXFileReference; lastKnownFileType = sourcecode.c.h; path = AppDelegate.h; sourceTree = "<group>"; };
		9674CD5D176FF17E00182A04 /* AppDelegate.m */ = {isa = PBXFileReference; lastKnownFileType = sourcecode.c.objc; path = AppDelegate.m; sourceTree = "<group>"; };
		9674CD5F176FF17E00182A04 /* Default.png */ = {isa = PBXFileReference; lastKnownFileType = image.png; path = Default.png; sourceTree = "<group>"; };
		9674CD61176FF17E00182A04 /* Default@2x.png */ = {isa = PBXFileReference; lastKnownFileType = image.png; path = "Default@2x.png"; sourceTree = "<group>"; };
		9674CD63176FF17E00182A04 /* Default-568h@2x.png */ = {isa = PBXFileReference; lastKnownFileType = image.png; path = "Default-568h@2x.png"; sourceTree = "<group>"; };
		9674CD65176FF17E00182A04 /* FirstViewController.h */ = {isa = PBXFileReference; lastKnownFileType = sourcecode.c.h; path = FirstViewController.h; sourceTree = "<group>"; };
		9674CD66176FF17E00182A04 /* FirstViewController.m */ = {isa = PBXFileReference; lastKnownFileType = sourcecode.c.objc; path = FirstViewController.m; sourceTree = "<group>"; };
		9674CD68176FF17E00182A04 /* first.png */ = {isa = PBXFileReference; lastKnownFileType = image.png; path = first.png; sourceTree = "<group>"; };
		9674CD6A176FF17E00182A04 /* first@2x.png */ = {isa = PBXFileReference; lastKnownFileType = image.png; path = "first@2x.png"; sourceTree = "<group>"; };
		9674CD6C176FF17E00182A04 /* SecondViewController.h */ = {isa = PBXFileReference; lastKnownFileType = sourcecode.c.h; path = SecondViewController.h; sourceTree = "<group>"; };
		9674CD6D176FF17E00182A04 /* SecondViewController.m */ = {isa = PBXFileReference; lastKnownFileType = sourcecode.c.objc; path = SecondViewController.m; sourceTree = "<group>"; };
		9674CD6F176FF17E00182A04 /* second.png */ = {isa = PBXFileReference; lastKnownFileType = image.png; path = second.png; sourceTree = "<group>"; };
		9674CD71176FF17E00182A04 /* second@2x.png */ = {isa = PBXFileReference; lastKnownFileType = image.png; path = "second@2x.png"; sourceTree = "<group>"; };
		9674CD74176FF17E00182A04 /* en */ = {isa = PBXFileReference; lastKnownFileType = file.xib; name = en; path = en.lproj/FirstViewController.xib; sourceTree = "<group>"; };
		9674CD77176FF17E00182A04 /* en */ = {isa = PBXFileReference; lastKnownFileType = file.xib; name = en; path = en.lproj/SecondViewController.xib; sourceTree = "<group>"; };
		96D310AD1772B89D00BC84B3 /* CVCellController.h */ = {isa = PBXFileReference; fileEncoding = 4; lastKnownFileType = sourcecode.c.h; path = CVCellController.h; sourceTree = "<group>"; };
		96D310AE1772B89D00BC84B3 /* CVCellController.m */ = {isa = PBXFileReference; fileEncoding = 4; lastKnownFileType = sourcecode.c.objc; path = CVCellController.m; sourceTree = "<group>"; };
		96D310B21772B94600BC84B3 /* CVCell.xib */ = {isa = PBXFileReference; fileEncoding = 4; lastKnownFileType = file.xib; path = CVCell.xib; sourceTree = "<group>"; };
		96D310B41772C53900BC84B3 /* pic-5.jpg */ = {isa = PBXFileReference; lastKnownFileType = image.jpeg; name = "pic-5.jpg"; path = "../../../Images/Cropped/pic-5.jpg"; sourceTree = "<group>"; };
		96D310B51772C53900BC84B3 /* pic-4.jpg */ = {isa = PBXFileReference; lastKnownFileType = image.jpeg; name = "pic-4.jpg"; path = "../../../Images/Cropped/pic-4.jpg"; sourceTree = "<group>"; };
		96D310B61772C53900BC84B3 /* pic-3.jpg */ = {isa = PBXFileReference; lastKnownFileType = image.jpeg; name = "pic-3.jpg"; path = "../../../Images/Cropped/pic-3.jpg"; sourceTree = "<group>"; };
		96D310B71772C53900BC84B3 /* pic-2.jpg */ = {isa = PBXFileReference; lastKnownFileType = image.jpeg; name = "pic-2.jpg"; path = "../../../Images/Cropped/pic-2.jpg"; sourceTree = "<group>"; };
		96D310B81772C53900BC84B3 /* pic-1.jpg */ = {isa = PBXFileReference; lastKnownFileType = image.jpeg; name = "pic-1.jpg"; path = "../../../Images/Cropped/pic-1.jpg"; sourceTree = "<group>"; };
		96D310BE1772CFFA00BC84B3 /* MapKit.framework */ = {isa = PBXFileReference; lastKnownFileType = wrapper.framework; name = MapKit.framework; path = System/Library/Frameworks/MapKit.framework; sourceTree = SDKROOT; };
		96F151CE177228E40093AC2C /* custom-arrow.png */ = {isa = PBXFileReference; lastKnownFileType = image.png; name = "custom-arrow.png"; path = "../../Images/Cropped/images/custom-arrow.png"; sourceTree = "<group>"; };
		96FD375F1771321D00A01170 /* MoreInfoViewController.h */ = {isa = PBXFileReference; fileEncoding = 4; lastKnownFileType = sourcecode.c.h; path = MoreInfoViewController.h; sourceTree = "<group>"; };
		96FD37601771321D00A01170 /* MoreInfoViewController.m */ = {isa = PBXFileReference; fileEncoding = 4; lastKnownFileType = sourcecode.c.objc; path = MoreInfoViewController.m; sourceTree = "<group>"; };
		96FD37611771321D00A01170 /* MoreInfoViewController.xib */ = {isa = PBXFileReference; fileEncoding = 4; lastKnownFileType = file.xib; path = MoreInfoViewController.xib; sourceTree = "<group>"; };
/* End PBXFileReference section */

/* Begin PBXFrameworksBuildPhase section */
		9674CD47176FF17E00182A04 /* Frameworks */ = {
			isa = PBXFrameworksBuildPhase;
			buildActionMask = 2147483647;
			files = (
				96D310BF1772CFFA00BC84B3 /* MapKit.framework in Frameworks */,
				9674CD4E176FF17E00182A04 /* UIKit.framework in Frameworks */,
				9674CD50176FF17E00182A04 /* Foundation.framework in Frameworks */,
				9674CD52176FF17E00182A04 /* CoreGraphics.framework in Frameworks */,
			);
			runOnlyForDeploymentPostprocessing = 0;
		};
/* End PBXFrameworksBuildPhase section */

/* Begin PBXGroup section */
		9674CD41176FF17E00182A04 = {
			isa = PBXGroup;
			children = (
				96D310BE1772CFFA00BC84B3 /* MapKit.framework */,
				96F151CE177228E40093AC2C /* custom-arrow.png */,
				9674CD53176FF17E00182A04 /* testApp */,
				9674CD4C176FF17E00182A04 /* Frameworks */,
				9674CD4B176FF17E00182A04 /* Products */,
			);
			sourceTree = "<group>";
		};
		9674CD4B176FF17E00182A04 /* Products */ = {
			isa = PBXGroup;
			children = (
				9674CD4A176FF17E00182A04 /* testApp.app */,
			);
			name = Products;
			sourceTree = "<group>";
		};
		9674CD4C176FF17E00182A04 /* Frameworks */ = {
			isa = PBXGroup;
			children = (
				9674CD4D176FF17E00182A04 /* UIKit.framework */,
				9674CD4F176FF17E00182A04 /* Foundation.framework */,
				9674CD51176FF17E00182A04 /* CoreGraphics.framework */,
			);
			name = Frameworks;
			sourceTree = "<group>";
		};
		9674CD53176FF17E00182A04 /* testApp */ = {
			isa = PBXGroup;
			children = (
				9674CD5C176FF17E00182A04 /* AppDelegate.h */,
				9674CD5D176FF17E00182A04 /* AppDelegate.m */,
				9605408C17734C5800CEDF1D /* MapAnnotation.h */,
				9605408D17734C5800CEDF1D /* MapAnnotation.m */,
				963C3092177142C900428546 /* LocationsManager.h */,
				963C3093177142C900428546 /* LocationsManager.m */,
				963C30AB1771983E00428546 /* CustomTableCell.h */,
				963C30AC1771983E00428546 /* CustomTableCell.m */,
				96FD375F1771321D00A01170 /* MoreInfoViewController.h */,
				96FD37601771321D00A01170 /* MoreInfoViewController.m */,
				96D310AD1772B89D00BC84B3 /* CVCellController.h */,
				96D310AE1772B89D00BC84B3 /* CVCellController.m */,
				9674CD65176FF17E00182A04 /* FirstViewController.h */,
				9674CD66176FF17E00182A04 /* FirstViewController.m */,
				9674CD6C176FF17E00182A04 /* SecondViewController.h */,
				9674CD6D176FF17E00182A04 /* SecondViewController.m */,
				9674CD73176FF17E00182A04 /* FirstViewController.xib */,
				9674CD76176FF17E00182A04 /* SecondViewController.xib */,
				96FD37611771321D00A01170 /* MoreInfoViewController.xib */,
				963C30A9177197CE00428546 /* CustomTableCellView.xib */,
				96D310B21772B94600BC84B3 /* CVCell.xib */,
				9674CD54176FF17E00182A04 /* Supporting Files */,
			);
			path = testApp;
			sourceTree = "<group>";
		};
		9674CD54176FF17E00182A04 /* Supporting Files */ = {
			isa = PBXGroup;
			children = (
				96D310B41772C53900BC84B3 /* pic-5.jpg */,
				96D310B51772C53900BC84B3 /* pic-4.jpg */,
				96D310B61772C53900BC84B3 /* pic-3.jpg */,
				96D310B71772C53900BC84B3 /* pic-2.jpg */,
				96D310B81772C53900BC84B3 /* pic-1.jpg */,
				963C309A177189C200428546 /* cell-whbg.png */,
				963C309B177189C200428546 /* the-bostonian.jpg */,
				963C309C177189C200428546 /* tropicana.jpg */,
				963C309D177189C200428546 /* atlantasia.jpg */,
				963C309E177189C200428546 /* newyorker.jpg */,
				9674CD71176FF17E00182A04 /* second@2x.png */,
				9674CD6F176FF17E00182A04 /* second.png */,
				9674CD68176FF17E00182A04 /* first.png */,
				9674CD6A176FF17E00182A04 /* first@2x.png */,
				9674CD55176FF17E00182A04 /* testApp-Info.plist */,
				9674CD56176FF17E00182A04 /* InfoPlist.strings */,
				9674CD59176FF17E00182A04 /* main.m */,
				9674CD5B176FF17E00182A04 /* testApp-Prefix.pch */,
				9674CD5F176FF17E00182A04 /* Default.png */,
				9674CD61176FF17E00182A04 /* Default@2x.png */,
				9674CD63176FF17E00182A04 /* Default-568h@2x.png */,
			);
			name = "Supporting Files";
			sourceTree = "<group>";
		};
/* End PBXGroup section */

/* Begin PBXNativeTarget section */
		9674CD49176FF17E00182A04 /* testApp */ = {
			isa = PBXNativeTarget;
			buildConfigurationList = 9674CD7B176FF17E00182A04 /* Build configuration list for PBXNativeTarget "testApp" */;
			buildPhases = (
				9674CD46176FF17E00182A04 /* Sources */,
				9674CD47176FF17E00182A04 /* Frameworks */,
				9674CD48176FF17E00182A04 /* Resources */,
			);
			buildRules = (
			);
			dependencies = (
			);
			name = testApp;
			productName = testApp;
			productReference = 9674CD4A176FF17E00182A04 /* testApp.app */;
			productType = "com.apple.product-type.application";
		};
/* End PBXNativeTarget section */

/* Begin PBXProject section */
		9674CD42176FF17E00182A04 /* Project object */ = {
			isa = PBXProject;
			attributes = {
				LastUpgradeCheck = 0460;
				ORGANIZATIONNAME = "Aaron Burke";
			};
			buildConfigurationList = 9674CD45176FF17E00182A04 /* Build configuration list for PBXProject "testApp" */;
			compatibilityVersion = "Xcode 3.2";
			developmentRegion = English;
			hasScannedForEncodings = 0;
			knownRegions = (
				en,
			);
			mainGroup = 9674CD41176FF17E00182A04;
			productRefGroup = 9674CD4B176FF17E00182A04 /* Products */;
			projectDirPath = "";
			projectRoot = "";
			targets = (
				9674CD49176FF17E00182A04 /* testApp */,
			);
		};
/* End PBXProject section */

/* Begin PBXResourcesBuildPhase section */
		9674CD48176FF17E00182A04 /* Resources */ = {
			isa = PBXResourcesBuildPhase;
			buildActionMask = 2147483647;
			files = (
				9674CD58176FF17E00182A04 /* InfoPlist.strings in Resources */,
				9674CD60176FF17E00182A04 /* Default.png in Resources */,
				9674CD62176FF17E00182A04 /* Default@2x.png in Resources */,
				9674CD64176FF17E00182A04 /* Default-568h@2x.png in Resources */,
				9674CD69176FF17E00182A04 /* first.png in Resources */,
				9674CD6B176FF17E00182A04 /* first@2x.png in Resources */,
				9674CD70176FF17E00182A04 /* second.png in Resources */,
				9674CD72176FF17E00182A04 /* second@2x.png in Resources */,
				9674CD75176FF17E00182A04 /* FirstViewController.xib in Resources */,
				9674CD78176FF17E00182A04 /* SecondViewController.xib in Resources */,
				96FD37631771321D00A01170 /* MoreInfoViewController.xib in Resources */,
				963C309F177189C200428546 /* cell-whbg.png in Resources */,
				963C30A0177189C200428546 /* the-bostonian.jpg in Resources */,
				963C30A1177189C200428546 /* tropicana.jpg in Resources */,
				963C30A2177189C200428546 /* atlantasia.jpg in Resources */,
				963C30A3177189C200428546 /* newyorker.jpg in Resources */,
				963C30AA177197CE00428546 /* CustomTableCellView.xib in Resources */,
				96F151CF177228E40093AC2C /* custom-arrow.png in Resources */,
				96D310B31772B94600BC84B3 /* CVCell.xib in Resources */,
				96D310B91772C53900BC84B3 /* pic-5.jpg in Resources */,
				96D310BA1772C53900BC84B3 /* pic-4.jpg in Resources */,
				96D310BB1772C53900BC84B3 /* pic-3.jpg in Resources */,
				96D310BC1772C53900BC84B3 /* pic-2.jpg in Resources */,
				96D310BD1772C53900BC84B3 /* pic-1.jpg in Resources */,
			);
			runOnlyForDeploymentPostprocessing = 0;
		};
/* End PBXResourcesBuildPhase section */

/* Begin PBXSourcesBuildPhase section */
		9674CD46176FF17E00182A04 /* Sources */ = {
			isa = PBXSourcesBuildPhase;
			buildActionMask = 2147483647;
			files = (
				9674CD5A176FF17E00182A04 /* main.m in Sources */,
				9674CD5E176FF17E00182A04 /* AppDelegate.m in Sources */,
				9674CD67176FF17E00182A04 /* FirstViewController.m in Sources */,
				9674CD6E176FF17E00182A04 /* SecondViewController.m in Sources */,
				96FD37621771321D00A01170 /* MoreInfoViewController.m in Sources */,
				963C3094177142C900428546 /* LocationsManager.m in Sources */,
				963C30AD1771983E00428546 /* CustomTableCell.m in Sources */,
				96D310AF1772B89D00BC84B3 /* CVCellController.m in Sources */,
				9605408E17734C5800CEDF1D /* MapAnnotation.m in Sources */,
			);
			runOnlyForDeploymentPostprocessing = 0;
		};
/* End PBXSourcesBuildPhase section */

/* Begin PBXVariantGroup section */
		9674CD56176FF17E00182A04 /* InfoPlist.strings */ = {
			isa = PBXVariantGroup;
			children = (
				9674CD57176FF17E00182A04 /* en */,
			);
			name = InfoPlist.strings;
			sourceTree = "<group>";
		};
		9674CD73176FF17E00182A04 /* FirstViewController.xib */ = {
			isa = PBXVariantGroup;
			children = (
				9674CD74176FF17E00182A04 /* en */,
			);
			name = FirstViewController.xib;
			sourceTree = "<group>";
		};
		9674CD76176FF17E00182A04 /* SecondViewController.xib */ = {
			isa = PBXVariantGroup;
			children = (
				9674CD77176FF17E00182A04 /* en */,
			);
			name = SecondViewController.xib;
			sourceTree = "<group>";
		};
/* End PBXVariantGroup section */

/* Begin XCBuildConfiguration section */
		9674CD79176FF17E00182A04 /* Debug */ = {
			isa = XCBuildConfiguration;
			buildSettings = {
				ALWAYS_SEARCH_USER_PATHS = NO;
				CLANG_CXX_LANGUAGE_STANDARD = "gnu++0x";
				CLANG_CXX_LIBRARY = "libc++";
				CLANG_ENABLE_OBJC_ARC = YES;
				CLANG_WARN_CONSTANT_CONVERSION = YES;
				CLANG_WARN_EMPTY_BODY = YES;
				CLANG_WARN_ENUM_CONVERSION = YES;
				CLANG_WARN_INT_CONVERSION = YES;
				CLANG_WARN__DUPLICATE_METHOD_MATCH = YES;
				"CODE_SIGN_IDENTITY[sdk=iphoneos*]" = "iPhone Developer";
				COPY_PHASE_STRIP = NO;
				GCC_C_LANGUAGE_STANDARD = gnu99;
				GCC_DYNAMIC_NO_PIC = NO;
				GCC_OPTIMIZATION_LEVEL = 0;
				GCC_PREPROCESSOR_DEFINITIONS = (
					"DEBUG=1",
					"$(inherited)",
				);
				GCC_SYMBOLS_PRIVATE_EXTERN = NO;
				GCC_WARN_ABOUT_RETURN_TYPE = YES;
				GCC_WARN_UNINITIALIZED_AUTOS = YES;
				GCC_WARN_UNUSED_VARIABLE = YES;
				IPHONEOS_DEPLOYMENT_TARGET = 6.1;
				ONLY_ACTIVE_ARCH = YES;
				SDKROOT = iphoneos;
				TARGETED_DEVICE_FAMILY = 2;
			};
			name = Debug;
		};
		9674CD7A176FF17E00182A04 /* Release */ = {
			isa = XCBuildConfiguration;
			buildSettings = {
				ALWAYS_SEARCH_USER_PATHS = NO;
				CLANG_CXX_LANGUAGE_STANDARD = "gnu++0x";
				CLANG_CXX_LIBRARY = "libc++";
				CLANG_ENABLE_OBJC_ARC = YES;
				CLANG_WARN_CONSTANT_CONVERSION = YES;
				CLANG_WARN_EMPTY_BODY = YES;
				CLANG_WARN_ENUM_CONVERSION = YES;
				CLANG_WARN_INT_CONVERSION = YES;
				CLANG_WARN__DUPLICATE_METHOD_MATCH = YES;
				"CODE_SIGN_IDENTITY[sdk=iphoneos*]" = "iPhone Developer";
				COPY_PHASE_STRIP = YES;
				GCC_C_LANGUAGE_STANDARD = gnu99;
				GCC_WARN_ABOUT_RETURN_TYPE = YES;
				GCC_WARN_UNINITIALIZED_AUTOS = YES;
				GCC_WARN_UNUSED_VARIABLE = YES;
				IPHONEOS_DEPLOYMENT_TARGET = 6.1;
				OTHER_CFLAGS = "-DNS_BLOCK_ASSERTIONS=1";
				SDKROOT = iphoneos;
				TARGETED_DEVICE_FAMILY = 2;
				VALIDATE_PRODUCT = YES;
			};
			name = Release;
		};
		9674CD7C176FF17E00182A04 /* Debug */ = {
			isa = XCBuildConfiguration;
			buildSettings = {
				GCC_PRECOMPILE_PREFIX_HEADER = YES;
				GCC_PREFIX_HEADER = "testApp/testApp-Prefix.pch";
				INFOPLIST_FILE = "testApp/testApp-Info.plist";
				PRODUCT_NAME = "$(TARGET_NAME)";
				WRAPPER_EXTENSION = app;
			};
			name = Debug;
		};
		9674CD7D176FF17E00182A04 /* Release */ = {
			isa = XCBuildConfiguration;
			buildSettings = {
				GCC_PRECOMPILE_PREFIX_HEADER = YES;
				GCC_PREFIX_HEADER = "testApp/testApp-Prefix.pch";
				INFOPLIST_FILE = "testApp/testApp-Info.plist";
				PRODUCT_NAME = "$(TARGET_NAME)";
				WRAPPER_EXTENSION = app;
			};
			name = Release;
		};
/* End XCBuildConfiguration section */

/* Begin XCConfigurationList section */
		9674CD45176FF17E00182A04 /* Build configuration list for PBXProject "testApp" */ = {
			isa = XCConfigurationList;
			buildConfigurations = (
				9674CD79176FF17E00182A04 /* Debug */,
				9674CD7A176FF17E00182A04 /* Release */,
			);
			defaultConfigurationIsVisible = 0;
			defaultConfigurationName = Release;
		};
		9674CD7B176FF17E00182A04 /* Build configuration list for PBXNativeTarget "testApp" */ = {
			isa = XCConfigurationList;
			buildConfigurations = (
				9674CD7C176FF17E00182A04 /* Debug */,
				9674CD7D176FF17E00182A04 /* Release */,
			);
			defaultConfigurationIsVisible = 0;
			defaultConfigurationName = Release;
		};
/* End XCConfigurationList section */
	};
	rootObject = 9674CD42176FF17E00182A04 /* Project object */;
}
